
Microsoft Visual Studio Solution File, Format Version 12.00
# Visual Studio Version 17
VisualStudioVersion = 17.0.32112.339
MinimumVisualStudioVersion = 10.0.40219.1
Project("{8BC9CEB8-8B4A-11D0-8D11-00A0C91BC942}") = "vector", "vector\vector.vcxproj", "{4B1EA8C7-9258-41DE-87AF-4740A6F4E9B0}"
EndProject
Global
	GlobalSection(SolutionConfigurationPlatforms) = preSolution
		Debug|x64 = Debug|x64
		Debug|x86 = Debug|x86
		Release|x64 = Release|x64
		Release|x86 = Release|x86
	EndGlobalSection
	GlobalSection(ProjectConfigurationPlatforms) = postSolution
		{4B1EA8C7-9258-41DE-87AF-4740A6F4E9B0}.Debug|x64.ActiveCfg = Debug|x64
		{4B1EA8C7-9258-41DE-87AF-4740A6F4E9B0}.Debug|x64.Build.0 = Debug|x64
		{4B1EA8C7-9258-41DE-87AF-4740A6F4E9B0}.Debug|x86.ActiveCfg = Debug|Win32
		{4B1EA8C7-9258-41DE-87AF-4740A6F4E9B0}.Debug|x86.Build.0 = Debug|Win32
		{4B1EA8C7-9258-41DE-87AF-4740A6F4E9B0}.Release|x64.ActiveCfg = Release|x64
		{4B1EA8C7-9258-41DE-87AF-4740A6F4E9B0}.Release|x64.Build.0 = Release|x64
		{4B1EA8C7-9258-41DE-87AF-4740A6F4E9B0}.Release|x86.ActiveCfg = Release|Win32
		{4B1EA8C7-9258-41DE-87AF-4740A6F4E9B0}.Release|x86.Build.0 = Release|Win32
	EndGlobalSection
	GlobalSection(SolutionProperties) = preSolution
		HideSolutionNode = FALSE
	EndGlobalSection
	GlobalSection(ExtensibilityGlobals) = postSolution
		SolutionGuid = {12CC6F84-FE60-4399-93A8-D9194B121FC1}
	EndGlobalSection
EndGlobal
